
Microsoft Visual Studio Solution File, Format Version 12.00
# Visual Studio Version 17
VisualStudioVersion = 17.11.35222.181
MinimumVisualStudioVersion = 10.0.40219.1
Project("{8BC9CEB8-8B4A-11D0-8D11-00A0C91BC942}") = "CPlus Certification", "CPlus Certification\CPlus Certification.vcxproj", "{DA33A1FF-F1F9-4D78-BED3-8DAC76325930}"
EndProject
Project("{8BC9CEB8-8B4A-11D0-8D11-00A0C91BC942}") = "Library Catalog Challenge", "Library Catalog Challenge\Library Catalog Challenge.vcxproj", "{64236014-C4C2-4C5E-8CAE-C3CD98E9720D}"
EndProject
Global
	GlobalSection(SolutionConfigurationPlatforms) = preSolution
		Debug|x64 = Debug|x64
		Debug|x86 = Debug|x86
		Release|x64 = Release|x64
		Release|x86 = Release|x86
	EndGlobalSection
	GlobalSection(ProjectConfigurationPlatforms) = postSolution
		{DA33A1FF-F1F9-4D78-BED3-8DAC76325930}.Debug|x64.ActiveCfg = Debug|x64
		{DA33A1FF-F1F9-4D78-BED3-8DAC76325930}.Debug|x64.Build.0 = Debug|x64
		{DA33A1FF-F1F9-4D78-BED3-8DAC76325930}.Debug|x86.ActiveCfg = Debug|Win32
		{DA33A1FF-F1F9-4D78-BED3-8DAC76325930}.Debug|x86.Build.0 = Debug|Win32
		{DA33A1FF-F1F9-4D78-BED3-8DAC76325930}.Release|x64.ActiveCfg = Release|x64
		{DA33A1FF-F1F9-4D78-BED3-8DAC76325930}.Release|x64.Build.0 = Release|x64
		{DA33A1FF-F1F9-4D78-BED3-8DAC76325930}.Release|x86.ActiveCfg = Release|Win32
		{DA33A1FF-F1F9-4D78-BED3-8DAC76325930}.Release|x86.Build.0 = Release|Win32
		{64236014-C4C2-4C5E-8CAE-C3CD98E9720D}.Debug|x64.ActiveCfg = Debug|x64
		{64236014-C4C2-4C5E-8CAE-C3CD98E9720D}.Debug|x64.Build.0 = Debug|x64
		{64236014-C4C2-4C5E-8CAE-C3CD98E9720D}.Debug|x86.ActiveCfg = Debug|Win32
		{64236014-C4C2-4C5E-8CAE-C3CD98E9720D}.Debug|x86.Build.0 = Debug|Win32
		{64236014-C4C2-4C5E-8CAE-C3CD98E9720D}.Release|x64.ActiveCfg = Release|x64
		{64236014-C4C2-4C5E-8CAE-C3CD98E9720D}.Release|x64.Build.0 = Release|x64
		{64236014-C4C2-4C5E-8CAE-C3CD98E9720D}.Release|x86.ActiveCfg = Release|Win32
		{64236014-C4C2-4C5E-8CAE-C3CD98E9720D}.Release|x86.Build.0 = Release|Win32
	EndGlobalSection
	GlobalSection(SolutionProperties) = preSolution
		HideSolutionNode = FALSE
	EndGlobalSection
	GlobalSection(ExtensibilityGlobals) = postSolution
		SolutionGuid = {4FEFE293-7F3B-4695-84CF-351537FF08C4}
	EndGlobalSection
EndGlobal
